// !$*UTF8*$!
{
	archiveVersion = 1;
	classes = {
	};
	objectVersion = 51;
	objects = {

/* Begin PBXBuildFile section */
		067EF39523F599A975D21B9A /* Pods_FamilogTests.framework in Frameworks */ = {isa = PBXBuildFile; fileRef = 876A9CB9037DC84C1ABF4296 /* Pods_FamilogTests.framework */; };
		35005A242330BF3B00239C7E /* Timeline.storyboard in Resources */ = {isa = PBXBuildFile; fileRef = 35005A232330BF3B00239C7E /* Timeline.storyboard */; };
		35005A262330BF8300239C7E /* Notification.storyboard in Resources */ = {isa = PBXBuildFile; fileRef = 35005A252330BF8300239C7E /* Notification.storyboard */; };
		35005A2E2330C23500239C7E /* Profile.storyboard in Resources */ = {isa = PBXBuildFile; fileRef = 35005A2D2330C23500239C7E /* Profile.storyboard */; };
		35555B662347272900B0D7CD /* Family.storyboard in Resources */ = {isa = PBXBuildFile; fileRef = 35555B652347272900B0D7CD /* Family.storyboard */; };
		358E61642332375500A5A8B8 /* Post.swift in Sources */ = {isa = PBXBuildFile; fileRef = 358E61632332375500A5A8B8 /* Post.swift */; };
		35AD5674234C373E00964364 /* Redressed.ttf in Resources */ = {isa = PBXBuildFile; fileRef = 35AD5673234C373D00964364 /* Redressed.ttf */; };
		35AD567F234C402B00964364 /* DesignableButton.swift in Sources */ = {isa = PBXBuildFile; fileRef = 35AD567E234C402B00964364 /* DesignableButton.swift */; };
		35AD5681234C40DE00964364 /* DesignableView.swift in Sources */ = {isa = PBXBuildFile; fileRef = 35AD5680234C40DE00964364 /* DesignableView.swift */; };
		35E6A2E923326CF200B66E4E /* TimelineTableViewCell.swift in Sources */ = {isa = PBXBuildFile; fileRef = 35E6A2E823326CF200B66E4E /* TimelineTableViewCell.swift */; };
		3841206C2348418D006EC47E /* CommentViewController.swift in Sources */ = {isa = PBXBuildFile; fileRef = 3841206B2348418D006EC47E /* CommentViewController.swift */; };
		3841206E234841BC006EC47E /* CommentTableViewCell.swift in Sources */ = {isa = PBXBuildFile; fileRef = 3841206D234841BC006EC47E /* CommentTableViewCell.swift */; };
		3841207223488836006EC47E /* CommentApi.swift in Sources */ = {isa = PBXBuildFile; fileRef = 3841207123488836006EC47E /* CommentApi.swift */; };
		384120742348896A006EC47E /* Post_CommentApi.swift in Sources */ = {isa = PBXBuildFile; fileRef = 384120732348896A006EC47E /* Post_CommentApi.swift */; };
		3846D9402351E822004F8544 /* Settings+UserDefaults.swift in Sources */ = {isa = PBXBuildFile; fileRef = 3846D93F2351E822004F8544 /* Settings+UserDefaults.swift */; };
		3846D9422351EBAE004F8544 /* ChatUser.swift in Sources */ = {isa = PBXBuildFile; fileRef = 3846D9412351EBAE004F8544 /* ChatUser.swift */; };
		38880F162333323400E407A2 /* NotificationViewController.swift in Sources */ = {isa = PBXBuildFile; fileRef = 38880F152333323400E407A2 /* NotificationViewController.swift */; };
		38C822C22349F91800168FD1 /* Comment.swift in Sources */ = {isa = PBXBuildFile; fileRef = 38C822C12349F91800168FD1 /* Comment.swift */; };
		38C822C4234C4AB300168FD1 /* Post_Comment.swift in Sources */ = {isa = PBXBuildFile; fileRef = 38C822C3234C4AB300168FD1 /* Post_Comment.swift */; };
		38D4CF24234EC0500006155D /* ChannelsViewController.swift in Sources */ = {isa = PBXBuildFile; fileRef = 38D4CF23234EC0500006155D /* ChannelsViewController.swift */; };
		38D4CF26234EC06A0006155D /* ChatViewController.swift in Sources */ = {isa = PBXBuildFile; fileRef = 38D4CF25234EC06A0006155D /* ChatViewController.swift */; };
		38D4CF2C234EC0CD0006155D /* DatabaseRepresentation.swift in Sources */ = {isa = PBXBuildFile; fileRef = 38D4CF2B234EC0CD0006155D /* DatabaseRepresentation.swift */; };
		38D4CF2F234EC70D0006155D /* UICollectionView+Additions.swift in Sources */ = {isa = PBXBuildFile; fileRef = 38D4CF2E234EC70D0006155D /* UICollectionView+Additions.swift */; };
		38D4CF31234EC73F0006155D /* UIColor+Additions.swift in Sources */ = {isa = PBXBuildFile; fileRef = 38D4CF30234EC73F0006155D /* UIColor+Additions.swift */; };
		38D4CF33234EC7610006155D /* UIImage+Additions.swift in Sources */ = {isa = PBXBuildFile; fileRef = 38D4CF32234EC7610006155D /* UIImage+Additions.swift */; };
		38D4CF35234EC7800006155D /* UIView+Additions.swift in Sources */ = {isa = PBXBuildFile; fileRef = 38D4CF34234EC7800006155D /* UIView+Additions.swift */; };
		38D4CF8D234EEB920006155D /* FamilogTests.swift in Sources */ = {isa = PBXBuildFile; fileRef = 38D4CF8C234EEB920006155D /* FamilogTests.swift */; };
		38D4CF99234EEDF60006155D /* UserTests.swift in Sources */ = {isa = PBXBuildFile; fileRef = 38D4CF98234EEDF60006155D /* UserTests.swift */; };
		38DF0BA32333011A0051C21E /* NotificationTableViewCell.swift in Sources */ = {isa = PBXBuildFile; fileRef = 38DF0BA22333011A0051C21E /* NotificationTableViewCell.swift */; };
		38EFE8962352C7B90092C4AF /* Message.swift in Sources */ = {isa = PBXBuildFile; fileRef = 38EFE8952352C7B90092C4AF /* Message.swift */; };
		38EFE8982352C7C70092C4AF /* Channel.swift in Sources */ = {isa = PBXBuildFile; fileRef = 38EFE8972352C7C70092C4AF /* Channel.swift */; };
		66D3CBEEB8E3F0075044E746 /* Pods_FamilogUITests.framework in Frameworks */ = {isa = PBXBuildFile; fileRef = 36FC9F8793B8BA6235E20962 /* Pods_FamilogUITests.framework */; };
		861571FE233361F400AD5CB5 /* Alert.swift in Sources */ = {isa = PBXBuildFile; fileRef = 861571FD233361F400AD5CB5 /* Alert.swift */; };
		861572002333631B00AD5CB5 /* UploadViewController.swift in Sources */ = {isa = PBXBuildFile; fileRef = 861571FF2333631B00AD5CB5 /* UploadViewController.swift */; };
		86157202233492E200AD5CB5 /* Start.storyboard in Resources */ = {isa = PBXBuildFile; fileRef = 86157201233492E200AD5CB5 /* Start.storyboard */; };
		862AD3D3230298C200CB350C /* AppDelegate.swift in Sources */ = {isa = PBXBuildFile; fileRef = 862AD3D2230298C200CB350C /* AppDelegate.swift */; };
		862AD3D5230298C200CB350C /* WelcomeViewController.swift in Sources */ = {isa = PBXBuildFile; fileRef = 862AD3D4230298C200CB350C /* WelcomeViewController.swift */; };
		862AD3D8230298C200CB350C /* Main.storyboard in Resources */ = {isa = PBXBuildFile; fileRef = 862AD3D6230298C200CB350C /* Main.storyboard */; settings = {ASSET_TAGS = (PersonalProfile, ); }; };
		862AD3DA230298C400CB350C /* Assets.xcassets in Resources */ = {isa = PBXBuildFile; fileRef = 862AD3D9230298C400CB350C /* Assets.xcassets */; };
		862AD3DD230298C400CB350C /* LaunchScreen.storyboard in Resources */ = {isa = PBXBuildFile; fileRef = 862AD3DB230298C400CB350C /* LaunchScreen.storyboard */; };
		862AD3F3230298C400CB350C /* monologueUITests.swift in Sources */ = {isa = PBXBuildFile; fileRef = 862AD3F2230298C400CB350C /* monologueUITests.swift */; };
		862AD4012302AB1000CB350C /* GoogleService-Info.plist in Resources */ = {isa = PBXBuildFile; fileRef = 862AD4002302AB1000CB350C /* GoogleService-Info.plist */; };
		866F797323154AF90059FB81 /* ResetPasswordViewController.swift in Sources */ = {isa = PBXBuildFile; fileRef = 866F797223154AF90059FB81 /* ResetPasswordViewController.swift */; };
		86960E482349B4FF00F3996F /* CreateFamilyViewController.swift in Sources */ = {isa = PBXBuildFile; fileRef = 86960E472349B4FF00F3996F /* CreateFamilyViewController.swift */; };
		86960E4A2349B5DD00F3996F /* JoinFamilyViewController.swift in Sources */ = {isa = PBXBuildFile; fileRef = 86960E492349B5DD00F3996F /* JoinFamilyViewController.swift */; };
		869DAC7F230920C000ACF10C /* LogInViewController.swift in Sources */ = {isa = PBXBuildFile; fileRef = 869DAC7E230920C000ACF10C /* LogInViewController.swift */; };
		869DAC81230920CD00ACF10C /* SignUpViewController.swift in Sources */ = {isa = PBXBuildFile; fileRef = 869DAC80230920CD00ACF10C /* SignUpViewController.swift */; };
		86AD48CA2352EC7700069A1E /* SwitchFamilyViewController.swift in Sources */ = {isa = PBXBuildFile; fileRef = 86AD48C92352EC7600069A1E /* SwitchFamilyViewController.swift */; };
		B25C0F86234EA2FD00E1104D /* DetailViewController.swift in Sources */ = {isa = PBXBuildFile; fileRef = B25C0F85234EA2FD00E1104D /* DetailViewController.swift */; };
		B2603E932344613800797EF8 /* Family.swift in Sources */ = {isa = PBXBuildFile; fileRef = B2603E922344613800797EF8 /* Family.swift */; };
		B2603E952344660000797EF8 /* FamilyApi.swift in Sources */ = {isa = PBXBuildFile; fileRef = B2603E942344660000797EF8 /* FamilyApi.swift */; };
		B26E7B582329CF0000AA852C /* User.swift in Sources */ = {isa = PBXBuildFile; fileRef = B26E7B572329CF0000AA852C /* User.swift */; };
		B26E7B5C2329F2C900AA852C /* EditProfileViewController.swift in Sources */ = {isa = PBXBuildFile; fileRef = B26E7B5B2329F2C900AA852C /* EditProfileViewController.swift */; };
		B27D66522352853A00AAAFD9 /* DetailView.storyboard in Resources */ = {isa = PBXBuildFile; fileRef = B27D66512352853A00AAAFD9 /* DetailView.storyboard */; };
		B27D66542352981F00AAAFD9 /* OthersProfileViewController.swift in Sources */ = {isa = PBXBuildFile; fileRef = B27D66532352981F00AAAFD9 /* OthersProfileViewController.swift */; };
		B2A4BD002349EA4A00B62066 /* Config.swift in Sources */ = {isa = PBXBuildFile; fileRef = B2A4BCFF2349EA4A00B62066 /* Config.swift */; };
		B2B16A4C2336197A0086E97B /* LaunchScreen.swift in Sources */ = {isa = PBXBuildFile; fileRef = B2B16A4B2336197A0086E97B /* LaunchScreen.swift */; };
		B2B16A4E2338B06C0086E97B /* PostApi.swift in Sources */ = {isa = PBXBuildFile; fileRef = B2B16A4D2338B06C0086E97B /* PostApi.swift */; };
		B2BF69732332612000E846D5 /* ProfileViewController.swift in Sources */ = {isa = PBXBuildFile; fileRef = B2BF69722332612000E846D5 /* ProfileViewController.swift */; };
		B2BF69752332F3BD00E846D5 /* UserApi.swift in Sources */ = {isa = PBXBuildFile; fileRef = B2BF69742332F3BD00E846D5 /* UserApi.swift */; };
		B2BF69772332F4BF00E846D5 /* Api.swift in Sources */ = {isa = PBXBuildFile; fileRef = B2BF69762332F4BF00E846D5 /* Api.swift */; };
		B2BF69792332FFF200E846D5 /* PhotoCollectionViewCell.swift in Sources */ = {isa = PBXBuildFile; fileRef = B2BF69782332FFF200E846D5 /* PhotoCollectionViewCell.swift */; };
		B2BF697F233335EA00E846D5 /* TabBarViewController.swift in Sources */ = {isa = PBXBuildFile; fileRef = B2BF697E233335E900E846D5 /* TabBarViewController.swift */; };
		B2BF6981233335F500E846D5 /* TimelineViewController.swift in Sources */ = {isa = PBXBuildFile; fileRef = B2BF6980233335F500E846D5 /* TimelineViewController.swift */; };
		D479382E25C4356F8A42E217 /* Pods_Familog.framework in Frameworks */ = {isa = PBXBuildFile; fileRef = 9FCE46088F2D9CE4DFF16B62 /* Pods_Familog.framework */; };
/* End PBXBuildFile section */

/* Begin PBXContainerItemProxy section */
		38D4CF8F234EEB920006155D /* PBXContainerItemProxy */ = {
			isa = PBXContainerItemProxy;
			containerPortal = 862AD3C7230298C100CB350C /* Project object */;
			proxyType = 1;
			remoteGlobalIDString = 862AD3CE230298C200CB350C;
			remoteInfo = Familog;
		};
		862AD3EF230298C400CB350C /* PBXContainerItemProxy */ = {
			isa = PBXContainerItemProxy;
			containerPortal = 862AD3C7230298C100CB350C /* Project object */;
			proxyType = 1;
			remoteGlobalIDString = 862AD3CE230298C200CB350C;
			remoteInfo = monologue;
		};
/* End PBXContainerItemProxy section */

/* Begin PBXFileReference section */
		35005A232330BF3B00239C7E /* Timeline.storyboard */ = {isa = PBXFileReference; fileEncoding = 4; lastKnownFileType = file.storyboard; path = Timeline.storyboard; sourceTree = "<group>"; };
		35005A252330BF8300239C7E /* Notification.storyboard */ = {isa = PBXFileReference; fileEncoding = 4; lastKnownFileType = file.storyboard; path = Notification.storyboard; sourceTree = "<group>"; };
		35005A2D2330C23500239C7E /* Profile.storyboard */ = {isa = PBXFileReference; fileEncoding = 4; lastKnownFileType = file.storyboard; path = Profile.storyboard; sourceTree = "<group>"; };
		35555B652347272900B0D7CD /* Family.storyboard */ = {isa = PBXFileReference; lastKnownFileType = file.storyboard; path = Family.storyboard; sourceTree = "<group>"; };
		358E61632332375500A5A8B8 /* Post.swift */ = {isa = PBXFileReference; lastKnownFileType = sourcecode.swift; path = Post.swift; sourceTree = "<group>"; };
		35AD5673234C373D00964364 /* Redressed.ttf */ = {isa = PBXFileReference; lastKnownFileType = file; path = Redressed.ttf; sourceTree = "<group>"; };
		35AD567E234C402B00964364 /* DesignableButton.swift */ = {isa = PBXFileReference; lastKnownFileType = sourcecode.swift; path = DesignableButton.swift; sourceTree = "<group>"; };
		35AD5680234C40DE00964364 /* DesignableView.swift */ = {isa = PBXFileReference; lastKnownFileType = sourcecode.swift; path = DesignableView.swift; sourceTree = "<group>"; };
		35E6A2E823326CF200B66E4E /* TimelineTableViewCell.swift */ = {isa = PBXFileReference; lastKnownFileType = sourcecode.swift; path = TimelineTableViewCell.swift; sourceTree = "<group>"; };
		36FC9F8793B8BA6235E20962 /* Pods_FamilogUITests.framework */ = {isa = PBXFileReference; explicitFileType = wrapper.framework; includeInIndex = 0; path = Pods_FamilogUITests.framework; sourceTree = BUILT_PRODUCTS_DIR; };
		3841206B2348418D006EC47E /* CommentViewController.swift */ = {isa = PBXFileReference; lastKnownFileType = sourcecode.swift; path = CommentViewController.swift; sourceTree = "<group>"; };
		3841206D234841BC006EC47E /* CommentTableViewCell.swift */ = {isa = PBXFileReference; lastKnownFileType = sourcecode.swift; path = CommentTableViewCell.swift; sourceTree = "<group>"; };
		3841207123488836006EC47E /* CommentApi.swift */ = {isa = PBXFileReference; lastKnownFileType = sourcecode.swift; path = CommentApi.swift; sourceTree = "<group>"; };
		384120732348896A006EC47E /* Post_CommentApi.swift */ = {isa = PBXFileReference; lastKnownFileType = sourcecode.swift; path = Post_CommentApi.swift; sourceTree = "<group>"; };
		3846D93F2351E822004F8544 /* Settings+UserDefaults.swift */ = {isa = PBXFileReference; lastKnownFileType = sourcecode.swift; path = "Settings+UserDefaults.swift"; sourceTree = "<group>"; };
		3846D9412351EBAE004F8544 /* ChatUser.swift */ = {isa = PBXFileReference; lastKnownFileType = sourcecode.swift; path = ChatUser.swift; sourceTree = "<group>"; };
		38880F152333323400E407A2 /* NotificationViewController.swift */ = {isa = PBXFileReference; lastKnownFileType = sourcecode.swift; path = NotificationViewController.swift; sourceTree = "<group>"; };
		38C822C12349F91800168FD1 /* Comment.swift */ = {isa = PBXFileReference; lastKnownFileType = sourcecode.swift; path = Comment.swift; sourceTree = "<group>"; };
		38C822C3234C4AB300168FD1 /* Post_Comment.swift */ = {isa = PBXFileReference; lastKnownFileType = sourcecode.swift; path = Post_Comment.swift; sourceTree = "<group>"; };
		38D4CF23234EC0500006155D /* ChannelsViewController.swift */ = {isa = PBXFileReference; lastKnownFileType = sourcecode.swift; path = ChannelsViewController.swift; sourceTree = "<group>"; };
		38D4CF25234EC06A0006155D /* ChatViewController.swift */ = {isa = PBXFileReference; lastKnownFileType = sourcecode.swift; path = ChatViewController.swift; sourceTree = "<group>"; };
		38D4CF2B234EC0CD0006155D /* DatabaseRepresentation.swift */ = {isa = PBXFileReference; lastKnownFileType = sourcecode.swift; path = DatabaseRepresentation.swift; sourceTree = "<group>"; };
		38D4CF2E234EC70D0006155D /* UICollectionView+Additions.swift */ = {isa = PBXFileReference; lastKnownFileType = sourcecode.swift; path = "UICollectionView+Additions.swift"; sourceTree = "<group>"; };
		38D4CF30234EC73F0006155D /* UIColor+Additions.swift */ = {isa = PBXFileReference; lastKnownFileType = sourcecode.swift; path = "UIColor+Additions.swift"; sourceTree = "<group>"; };
		38D4CF32234EC7610006155D /* UIImage+Additions.swift */ = {isa = PBXFileReference; lastKnownFileType = sourcecode.swift; path = "UIImage+Additions.swift"; sourceTree = "<group>"; };
		38D4CF34234EC7800006155D /* UIView+Additions.swift */ = {isa = PBXFileReference; lastKnownFileType = sourcecode.swift; path = "UIView+Additions.swift"; sourceTree = "<group>"; };
		38D4CF8A234EEB910006155D /* FamilogTests.xctest */ = {isa = PBXFileReference; explicitFileType = wrapper.cfbundle; includeInIndex = 0; path = FamilogTests.xctest; sourceTree = BUILT_PRODUCTS_DIR; };
		38D4CF8C234EEB920006155D /* FamilogTests.swift */ = {isa = PBXFileReference; lastKnownFileType = sourcecode.swift; path = FamilogTests.swift; sourceTree = "<group>"; };
		38D4CF8E234EEB920006155D /* Info.plist */ = {isa = PBXFileReference; lastKnownFileType = text.plist.xml; path = Info.plist; sourceTree = "<group>"; };
		38D4CF98234EEDF60006155D /* UserTests.swift */ = {isa = PBXFileReference; lastKnownFileType = sourcecode.swift; path = UserTests.swift; sourceTree = "<group>"; };
		38DF0BA22333011A0051C21E /* NotificationTableViewCell.swift */ = {isa = PBXFileReference; lastKnownFileType = sourcecode.swift; path = NotificationTableViewCell.swift; sourceTree = "<group>"; };
		38EFE8952352C7B90092C4AF /* Message.swift */ = {isa = PBXFileReference; lastKnownFileType = sourcecode.swift; path = Message.swift; sourceTree = "<group>"; };
		38EFE8972352C7C70092C4AF /* Channel.swift */ = {isa = PBXFileReference; lastKnownFileType = sourcecode.swift; path = Channel.swift; sourceTree = "<group>"; };
		3DE50D5C7EDD78A4A5589BB9 /* Pods-FamilogUITests.debug.xcconfig */ = {isa = PBXFileReference; includeInIndex = 1; lastKnownFileType = text.xcconfig; name = "Pods-FamilogUITests.debug.xcconfig"; path = "Target Support Files/Pods-FamilogUITests/Pods-FamilogUITests.debug.xcconfig"; sourceTree = "<group>"; };
		4CE091D6A183E072ED8870F0 /* Pods-Familog.release.xcconfig */ = {isa = PBXFileReference; includeInIndex = 1; lastKnownFileType = text.xcconfig; name = "Pods-Familog.release.xcconfig"; path = "Target Support Files/Pods-Familog/Pods-Familog.release.xcconfig"; sourceTree = "<group>"; };
		6D739C9C4E7CB12EF26517B5 /* Pods-FamilogUITests.release.xcconfig */ = {isa = PBXFileReference; includeInIndex = 1; lastKnownFileType = text.xcconfig; name = "Pods-FamilogUITests.release.xcconfig"; path = "Target Support Files/Pods-FamilogUITests/Pods-FamilogUITests.release.xcconfig"; sourceTree = "<group>"; };
		861571FD233361F400AD5CB5 /* Alert.swift */ = {isa = PBXFileReference; lastKnownFileType = sourcecode.swift; path = Alert.swift; sourceTree = "<group>"; };
		861571FF2333631B00AD5CB5 /* UploadViewController.swift */ = {isa = PBXFileReference; lastKnownFileType = sourcecode.swift; path = UploadViewController.swift; sourceTree = "<group>"; };
		86157201233492E200AD5CB5 /* Start.storyboard */ = {isa = PBXFileReference; fileEncoding = 4; lastKnownFileType = file.storyboard; path = Start.storyboard; sourceTree = "<group>"; };
		862AD3CF230298C200CB350C /* Familog.app */ = {isa = PBXFileReference; explicitFileType = wrapper.application; includeInIndex = 0; path = Familog.app; sourceTree = BUILT_PRODUCTS_DIR; };
		862AD3D2230298C200CB350C /* AppDelegate.swift */ = {isa = PBXFileReference; lastKnownFileType = sourcecode.swift; path = AppDelegate.swift; sourceTree = "<group>"; };
		862AD3D4230298C200CB350C /* WelcomeViewController.swift */ = {isa = PBXFileReference; lastKnownFileType = sourcecode.swift; path = WelcomeViewController.swift; sourceTree = "<group>"; };
		862AD3D7230298C200CB350C /* Base */ = {isa = PBXFileReference; lastKnownFileType = file.storyboard; name = Base; path = Base.lproj/Main.storyboard; sourceTree = "<group>"; };
		862AD3D9230298C400CB350C /* Assets.xcassets */ = {isa = PBXFileReference; lastKnownFileType = folder.assetcatalog; path = Assets.xcassets; sourceTree = "<group>"; };
		862AD3DC230298C400CB350C /* Base */ = {isa = PBXFileReference; lastKnownFileType = file.storyboard; name = Base; path = Base.lproj/LaunchScreen.storyboard; sourceTree = "<group>"; };
		862AD3DE230298C400CB350C /* Info.plist */ = {isa = PBXFileReference; lastKnownFileType = text.plist.xml; path = Info.plist; sourceTree = "<group>"; };
		862AD3E7230298C400CB350C /* monologueTests.swift */ = {isa = PBXFileReference; lastKnownFileType = sourcecode.swift; path = monologueTests.swift; sourceTree = "<group>"; };
		862AD3E9230298C400CB350C /* Info.plist */ = {isa = PBXFileReference; lastKnownFileType = text.plist.xml; path = Info.plist; sourceTree = "<group>"; };
		862AD3EE230298C400CB350C /* FamilogUITests.xctest */ = {isa = PBXFileReference; explicitFileType = wrapper.cfbundle; includeInIndex = 0; path = FamilogUITests.xctest; sourceTree = BUILT_PRODUCTS_DIR; };
		862AD3F2230298C400CB350C /* monologueUITests.swift */ = {isa = PBXFileReference; lastKnownFileType = sourcecode.swift; path = monologueUITests.swift; sourceTree = "<group>"; };
		862AD3F4230298C400CB350C /* Info.plist */ = {isa = PBXFileReference; lastKnownFileType = text.plist.xml; path = Info.plist; sourceTree = "<group>"; };
		862AD4002302AB1000CB350C /* GoogleService-Info.plist */ = {isa = PBXFileReference; fileEncoding = 4; lastKnownFileType = text.plist.xml; path = "GoogleService-Info.plist"; sourceTree = "<group>"; };
		866F797223154AF90059FB81 /* ResetPasswordViewController.swift */ = {isa = PBXFileReference; lastKnownFileType = sourcecode.swift; path = ResetPasswordViewController.swift; sourceTree = "<group>"; };
		86960E472349B4FF00F3996F /* CreateFamilyViewController.swift */ = {isa = PBXFileReference; lastKnownFileType = sourcecode.swift; path = CreateFamilyViewController.swift; sourceTree = "<group>"; };
		86960E492349B5DD00F3996F /* JoinFamilyViewController.swift */ = {isa = PBXFileReference; lastKnownFileType = sourcecode.swift; path = JoinFamilyViewController.swift; sourceTree = "<group>"; };
		869DAC7E230920C000ACF10C /* LogInViewController.swift */ = {isa = PBXFileReference; lastKnownFileType = sourcecode.swift; path = LogInViewController.swift; sourceTree = "<group>"; };
		869DAC80230920CD00ACF10C /* SignUpViewController.swift */ = {isa = PBXFileReference; lastKnownFileType = sourcecode.swift; path = SignUpViewController.swift; sourceTree = "<group>"; };
		86AD48C92352EC7600069A1E /* SwitchFamilyViewController.swift */ = {isa = PBXFileReference; fileEncoding = 4; lastKnownFileType = sourcecode.swift; path = SwitchFamilyViewController.swift; sourceTree = "<group>"; };
		876A9CB9037DC84C1ABF4296 /* Pods_FamilogTests.framework */ = {isa = PBXFileReference; explicitFileType = wrapper.framework; includeInIndex = 0; path = Pods_FamilogTests.framework; sourceTree = BUILT_PRODUCTS_DIR; };
		9FBD9E4A3036FF9A18D451F1 /* Pods-FamilogTests.debug.xcconfig */ = {isa = PBXFileReference; includeInIndex = 1; lastKnownFileType = text.xcconfig; name = "Pods-FamilogTests.debug.xcconfig"; path = "Target Support Files/Pods-FamilogTests/Pods-FamilogTests.debug.xcconfig"; sourceTree = "<group>"; };
		9FCE46088F2D9CE4DFF16B62 /* Pods_Familog.framework */ = {isa = PBXFileReference; explicitFileType = wrapper.framework; includeInIndex = 0; path = Pods_Familog.framework; sourceTree = BUILT_PRODUCTS_DIR; };
		B25C0F85234EA2FD00E1104D /* DetailViewController.swift */ = {isa = PBXFileReference; lastKnownFileType = sourcecode.swift; path = DetailViewController.swift; sourceTree = "<group>"; };
		B2603E922344613800797EF8 /* Family.swift */ = {isa = PBXFileReference; lastKnownFileType = sourcecode.swift; path = Family.swift; sourceTree = "<group>"; };
		B2603E942344660000797EF8 /* FamilyApi.swift */ = {isa = PBXFileReference; lastKnownFileType = sourcecode.swift; path = FamilyApi.swift; sourceTree = "<group>"; };
		B26E7B572329CF0000AA852C /* User.swift */ = {isa = PBXFileReference; lastKnownFileType = sourcecode.swift; path = User.swift; sourceTree = "<group>"; };
		B26E7B5B2329F2C900AA852C /* EditProfileViewController.swift */ = {isa = PBXFileReference; lastKnownFileType = sourcecode.swift; path = EditProfileViewController.swift; sourceTree = "<group>"; };
		B27D66512352853A00AAAFD9 /* DetailView.storyboard */ = {isa = PBXFileReference; lastKnownFileType = file.storyboard; path = DetailView.storyboard; sourceTree = "<group>"; };
		B27D66532352981F00AAAFD9 /* OthersProfileViewController.swift */ = {isa = PBXFileReference; lastKnownFileType = sourcecode.swift; path = OthersProfileViewController.swift; sourceTree = "<group>"; };
		B28EB2A02327EC3200EFA23D /* Pods */ = {isa = PBXFileReference; lastKnownFileType = folder; path = Pods; sourceTree = "<group>"; };
		B2A4BCFF2349EA4A00B62066 /* Config.swift */ = {isa = PBXFileReference; lastKnownFileType = sourcecode.swift; path = Config.swift; sourceTree = "<group>"; };
		B2B16A4B2336197A0086E97B /* LaunchScreen.swift */ = {isa = PBXFileReference; lastKnownFileType = sourcecode.swift; path = LaunchScreen.swift; sourceTree = "<group>"; };
		B2B16A4D2338B06C0086E97B /* PostApi.swift */ = {isa = PBXFileReference; lastKnownFileType = sourcecode.swift; path = PostApi.swift; sourceTree = "<group>"; };
		B2BF69722332612000E846D5 /* ProfileViewController.swift */ = {isa = PBXFileReference; lastKnownFileType = sourcecode.swift; path = ProfileViewController.swift; sourceTree = "<group>"; };
		B2BF69742332F3BD00E846D5 /* UserApi.swift */ = {isa = PBXFileReference; lastKnownFileType = sourcecode.swift; path = UserApi.swift; sourceTree = "<group>"; };
		B2BF69762332F4BF00E846D5 /* Api.swift */ = {isa = PBXFileReference; lastKnownFileType = sourcecode.swift; path = Api.swift; sourceTree = "<group>"; };
		B2BF69782332FFF200E846D5 /* PhotoCollectionViewCell.swift */ = {isa = PBXFileReference; lastKnownFileType = sourcecode.swift; path = PhotoCollectionViewCell.swift; sourceTree = "<group>"; };
		B2BF697E233335E900E846D5 /* TabBarViewController.swift */ = {isa = PBXFileReference; fileEncoding = 4; lastKnownFileType = sourcecode.swift; path = TabBarViewController.swift; sourceTree = "<group>"; };
		B2BF6980233335F500E846D5 /* TimelineViewController.swift */ = {isa = PBXFileReference; fileEncoding = 4; lastKnownFileType = sourcecode.swift; path = TimelineViewController.swift; sourceTree = "<group>"; };
		B678C54CDA1A2E953513EA2E /* Pods-Familog.debug.xcconfig */ = {isa = PBXFileReference; includeInIndex = 1; lastKnownFileType = text.xcconfig; name = "Pods-Familog.debug.xcconfig"; path = "Target Support Files/Pods-Familog/Pods-Familog.debug.xcconfig"; sourceTree = "<group>"; };
		BE9C838F1475D8DDA35607E0 /* Pods-FamilogTests.release.xcconfig */ = {isa = PBXFileReference; includeInIndex = 1; lastKnownFileType = text.xcconfig; name = "Pods-FamilogTests.release.xcconfig"; path = "Target Support Files/Pods-FamilogTests/Pods-FamilogTests.release.xcconfig"; sourceTree = "<group>"; };
/* End PBXFileReference section */

/* Begin PBXFrameworksBuildPhase section */
		38D4CF87234EEB910006155D /* Frameworks */ = {
			isa = PBXFrameworksBuildPhase;
			buildActionMask = 2147483647;
			files = (
				067EF39523F599A975D21B9A /* Pods_FamilogTests.framework in Frameworks */,
			);
			runOnlyForDeploymentPostprocessing = 0;
		};
		862AD3CC230298C200CB350C /* Frameworks */ = {
			isa = PBXFrameworksBuildPhase;
			buildActionMask = 2147483647;
			files = (
				D479382E25C4356F8A42E217 /* Pods_Familog.framework in Frameworks */,
			);
			runOnlyForDeploymentPostprocessing = 0;
		};
		862AD3EB230298C400CB350C /* Frameworks */ = {
			isa = PBXFrameworksBuildPhase;
			buildActionMask = 2147483647;
			files = (
				66D3CBEEB8E3F0075044E746 /* Pods_FamilogUITests.framework in Frameworks */,
			);
			runOnlyForDeploymentPostprocessing = 0;
		};
/* End PBXFrameworksBuildPhase section */

/* Begin PBXGroup section */
		3575D489232215B200470564 /* LogInPage */ = {
			isa = PBXGroup;
			children = (
				866F797223154AF90059FB81 /* ResetPasswordViewController.swift */,
				869DAC7E230920C000ACF10C /* LogInViewController.swift */,
				862AD3D4230298C200CB350C /* WelcomeViewController.swift */,
				869DAC80230920CD00ACF10C /* SignUpViewController.swift */,
				B2B16A4B2336197A0086E97B /* LaunchScreen.swift */,
				86960E472349B4FF00F3996F /* CreateFamilyViewController.swift */,
				86960E492349B5DD00F3996F /* JoinFamilyViewController.swift */,
			);
			path = LogInPage;
			sourceTree = "<group>";
		};
		358E61622332373C00A5A8B8 /* Model */ = {
			isa = PBXGroup;
			children = (
				B26E7B572329CF0000AA852C /* User.swift */,
				358E61632332375500A5A8B8 /* Post.swift */,
				B2603E922344613800797EF8 /* Family.swift */,
				B2A4BCFF2349EA4A00B62066 /* Config.swift */,
				38C822C12349F91800168FD1 /* Comment.swift */,
				38C822C3234C4AB300168FD1 /* Post_Comment.swift */,
				38D4CF2B234EC0CD0006155D /* DatabaseRepresentation.swift */,
				3846D93F2351E822004F8544 /* Settings+UserDefaults.swift */,
				3846D9412351EBAE004F8544 /* ChatUser.swift */,
				38EFE8952352C7B90092C4AF /* Message.swift */,
				38EFE8972352C7C70092C4AF /* Channel.swift */,
			);
			name = Model;
			sourceTree = "<group>";
		};
		35AD5677234C387200964364 /* IBDesignables */ = {
			isa = PBXGroup;
			children = (
				35AD567E234C402B00964364 /* DesignableButton.swift */,
				35AD5680234C40DE00964364 /* DesignableView.swift */,
			);
			path = IBDesignables;
			sourceTree = "<group>";
		};
		35E6A2E32332616C00B66E4E /* Views */ = {
			isa = PBXGroup;
			children = (
				38DF0BA22333011A0051C21E /* NotificationTableViewCell.swift */,
				35E6A2E823326CF200B66E4E /* TimelineTableViewCell.swift */,
				3841206D234841BC006EC47E /* CommentTableViewCell.swift */,
			);
			name = Views;
			sourceTree = "<group>";
		};
		38D4CF2D234EC6B30006155D /* Extensions */ = {
			isa = PBXGroup;
			children = (
				38D4CF2E234EC70D0006155D /* UICollectionView+Additions.swift */,
				38D4CF30234EC73F0006155D /* UIColor+Additions.swift */,
				38D4CF32234EC7610006155D /* UIImage+Additions.swift */,
				38D4CF34234EC7800006155D /* UIView+Additions.swift */,
			);
			name = Extensions;
			sourceTree = "<group>";
		};
		38D4CF8B234EEB910006155D /* FamilogTests */ = {
			isa = PBXGroup;
			children = (
				38D4CF8C234EEB920006155D /* FamilogTests.swift */,
				38D4CF8E234EEB920006155D /* Info.plist */,
			);
			path = FamilogTests;
			sourceTree = "<group>";
		};
		38F603DD2349F46000F857D3 /* Recovered References */ = {
			isa = PBXGroup;
			children = (
			);
			name = "Recovered References";
			sourceTree = "<group>";
		};
		862AD3C6230298C100CB350C = {
			isa = PBXGroup;
			children = (
				862AD3D2230298C200CB350C /* AppDelegate.swift */,
				35AD5673234C373D00964364 /* Redressed.ttf */,
				862AD3D1230298C200CB350C /* monologue */,
				862AD3E6230298C400CB350C /* monologueTest */,
				862AD3F1230298C400CB350C /* monologueUITests */,
				38D4CF8B234EEB910006155D /* FamilogTests */,
				862AD3D0230298C200CB350C /* Products */,
				FF768F097C5FD80E2F7CC110 /* Pods */,
				93F6D3C5B9865A4B5AC91844 /* Frameworks */,
				38F603DD2349F46000F857D3 /* Recovered References */,
			);
			sourceTree = "<group>";
		};
		862AD3D0230298C200CB350C /* Products */ = {
			isa = PBXGroup;
			children = (
				862AD3CF230298C200CB350C /* Familog.app */,
				862AD3EE230298C400CB350C /* FamilogUITests.xctest */,
				38D4CF8A234EEB910006155D /* FamilogTests.xctest */,
			);
			name = Products;
			sourceTree = "<group>";
		};
		862AD3D1230298C200CB350C /* monologue */ = {
			isa = PBXGroup;
			children = (
				38D4CF2D234EC6B30006155D /* Extensions */,
				35AD5677234C387200964364 /* IBDesignables */,
				35E6A2E32332616C00B66E4E /* Views */,
				358E61622332373C00A5A8B8 /* Model */,
				86D45C6C230B0E40007724E4 /* HelperClass */,
				8646B1FF2309119900A4C785 /* ViewControllers */,
				862AD3D9230298C400CB350C /* Assets.xcassets */,
				862AD4002302AB1000CB350C /* GoogleService-Info.plist */,
				862AD3DE230298C400CB350C /* Info.plist */,
			);
			path = monologue;
			sourceTree = "<group>";
		};
		862AD3E6230298C400CB350C /* monologueTest */ = {
			isa = PBXGroup;
			children = (
				862AD3E7230298C400CB350C /* monologueTests.swift */,
				862AD3E9230298C400CB350C /* Info.plist */,
				38D4CF98234EEDF60006155D /* UserTests.swift */,
			);
			path = monologueTest;
			sourceTree = "<group>";
		};
		862AD3F1230298C400CB350C /* monologueUITests */ = {
			isa = PBXGroup;
			children = (
				862AD3F2230298C400CB350C /* monologueUITests.swift */,
				862AD3F4230298C400CB350C /* Info.plist */,
			);
			path = monologueUITests;
			sourceTree = "<group>";
		};
		8646B1FF2309119900A4C785 /* ViewControllers */ = {
			isa = PBXGroup;
			children = (
				B2DF0388232A3B0D00AD14E5 /* Storyboards */,
				B26E7B4C2329260F00AA852C /* MainPage */,
				3575D489232215B200470564 /* LogInPage */,
			);
			name = ViewControllers;
			sourceTree = "<group>";
		};
		86D45C6C230B0E40007724E4 /* HelperClass */ = {
			isa = PBXGroup;
			children = (
				B2BF69762332F4BF00E846D5 /* Api.swift */,
				861571FD233361F400AD5CB5 /* Alert.swift */,
				B2BF69742332F3BD00E846D5 /* UserApi.swift */,
				B2B16A4D2338B06C0086E97B /* PostApi.swift */,
				B2603E942344660000797EF8 /* FamilyApi.swift */,
				3841207123488836006EC47E /* CommentApi.swift */,
				384120732348896A006EC47E /* Post_CommentApi.swift */,
			);
			name = HelperClass;
			sourceTree = "<group>";
		};
		93F6D3C5B9865A4B5AC91844 /* Frameworks */ = {
			isa = PBXGroup;
			children = (
				B28EB2A02327EC3200EFA23D /* Pods */,
				9FCE46088F2D9CE4DFF16B62 /* Pods_Familog.framework */,
				876A9CB9037DC84C1ABF4296 /* Pods_FamilogTests.framework */,
				36FC9F8793B8BA6235E20962 /* Pods_FamilogUITests.framework */,
			);
			name = Frameworks;
			sourceTree = "<group>";
		};
		B26E7B4C2329260F00AA852C /* MainPage */ = {
			isa = PBXGroup;
			children = (
				B2BF697D2333348800E846D5 /* TimeLine */,
				B2BF697C2333345A00E846D5 /* Notification */,
				B2BF696B23325F1500E846D5 /* ProfilePage */,
			);
			path = MainPage;
			sourceTree = "<group>";
		};
		B2BF696B23325F1500E846D5 /* ProfilePage */ = {
			isa = PBXGroup;
			children = (
				86AD48C92352EC7600069A1E /* SwitchFamilyViewController.swift */,
				B26E7B5B2329F2C900AA852C /* EditProfileViewController.swift */,
				B2BF69782332FFF200E846D5 /* PhotoCollectionViewCell.swift */,
				B2BF69722332612000E846D5 /* ProfileViewController.swift */,
				B25C0F85234EA2FD00E1104D /* DetailViewController.swift */,
				B27D66532352981F00AAAFD9 /* OthersProfileViewController.swift */,
			);
			path = ProfilePage;
			sourceTree = "<group>";
		};
		B2BF697C2333345A00E846D5 /* Notification */ = {
			isa = PBXGroup;
			children = (
				38880F152333323400E407A2 /* NotificationViewController.swift */,
				38D4CF23234EC0500006155D /* ChannelsViewController.swift */,
				38D4CF25234EC06A0006155D /* ChatViewController.swift */,
			);
			path = Notification;
			sourceTree = "<group>";
		};
		B2BF697D2333348800E846D5 /* TimeLine */ = {
			isa = PBXGroup;
			children = (
				B2BF6980233335F500E846D5 /* TimelineViewController.swift */,
				861571FF2333631B00AD5CB5 /* UploadViewController.swift */,
				B2BF697E233335E900E846D5 /* TabBarViewController.swift */,
				3841206B2348418D006EC47E /* CommentViewController.swift */,
			);
			path = TimeLine;
			sourceTree = "<group>";
		};
		B2DF0388232A3B0D00AD14E5 /* Storyboards */ = {
			isa = PBXGroup;
			children = (
				862AD3DB230298C400CB350C /* LaunchScreen.storyboard */,
				86157201233492E200AD5CB5 /* Start.storyboard */,
				862AD3D6230298C200CB350C /* Main.storyboard */,
				35555B652347272900B0D7CD /* Family.storyboard */,
				35005A232330BF3B00239C7E /* Timeline.storyboard */,
				35005A252330BF8300239C7E /* Notification.storyboard */,
				35005A2D2330C23500239C7E /* Profile.storyboard */,
				B27D66512352853A00AAAFD9 /* DetailView.storyboard */,
			);
			path = Storyboards;
			sourceTree = "<group>";
		};
		FF768F097C5FD80E2F7CC110 /* Pods */ = {
			isa = PBXGroup;
			children = (
				B678C54CDA1A2E953513EA2E /* Pods-Familog.debug.xcconfig */,
				4CE091D6A183E072ED8870F0 /* Pods-Familog.release.xcconfig */,
				9FBD9E4A3036FF9A18D451F1 /* Pods-FamilogTests.debug.xcconfig */,
				BE9C838F1475D8DDA35607E0 /* Pods-FamilogTests.release.xcconfig */,
				3DE50D5C7EDD78A4A5589BB9 /* Pods-FamilogUITests.debug.xcconfig */,
				6D739C9C4E7CB12EF26517B5 /* Pods-FamilogUITests.release.xcconfig */,
			);
			path = Pods;
			sourceTree = "<group>";
		};
/* End PBXGroup section */

/* Begin PBXNativeTarget section */
		38D4CF89234EEB910006155D /* FamilogTests */ = {
			isa = PBXNativeTarget;
			buildConfigurationList = 38D4CF91234EEB920006155D /* Build configuration list for PBXNativeTarget "FamilogTests" */;
			buildPhases = (
				FC2B9F0E8E45125E1E7E2E04 /* [CP] Check Pods Manifest.lock */,
				38D4CF86234EEB910006155D /* Sources */,
				38D4CF87234EEB910006155D /* Frameworks */,
				38D4CF88234EEB910006155D /* Resources */,
			);
			buildRules = (
			);
			dependencies = (
				38D4CF90234EEB920006155D /* PBXTargetDependency */,
			);
			name = FamilogTests;
			productName = FamilogTests;
			productReference = 38D4CF8A234EEB910006155D /* FamilogTests.xctest */;
			productType = "com.apple.product-type.bundle.unit-test";
		};
		862AD3CE230298C200CB350C /* Familog */ = {
			isa = PBXNativeTarget;
			buildConfigurationList = 862AD3F7230298C400CB350C /* Build configuration list for PBXNativeTarget "Familog" */;
			buildPhases = (
				950704385B575294127968E1 /* [CP] Check Pods Manifest.lock */,
				862AD3CB230298C200CB350C /* Sources */,
				862AD3CC230298C200CB350C /* Frameworks */,
				862AD3CD230298C200CB350C /* Resources */,
				F5AA944C588BCECD861A4EA3 /* [CP] Embed Pods Frameworks */,
			);
			buildRules = (
			);
			dependencies = (
			);
			name = Familog;
			productName = monologue;
			productReference = 862AD3CF230298C200CB350C /* Familog.app */;
			productType = "com.apple.product-type.application";
		};
		862AD3ED230298C400CB350C /* FamilogUITests */ = {
			isa = PBXNativeTarget;
			buildConfigurationList = 862AD3FD230298C400CB350C /* Build configuration list for PBXNativeTarget "FamilogUITests" */;
			buildPhases = (
				1738EB28A2B52E652D3AC556 /* [CP] Check Pods Manifest.lock */,
				862AD3EA230298C400CB350C /* Sources */,
				862AD3EB230298C400CB350C /* Frameworks */,
				862AD3EC230298C400CB350C /* Resources */,
			);
			buildRules = (
			);
			dependencies = (
				862AD3F0230298C400CB350C /* PBXTargetDependency */,
			);
			name = FamilogUITests;
			productName = monologueUITests;
			productReference = 862AD3EE230298C400CB350C /* FamilogUITests.xctest */;
			productType = "com.apple.product-type.bundle.ui-testing";
		};
/* End PBXNativeTarget section */

/* Begin PBXProject section */
		862AD3C7230298C100CB350C /* Project object */ = {
			isa = PBXProject;
			attributes = {
				KnownAssetTags = (
					PersonalProfile,
				);
				LastSwiftUpdateCheck = 1100;
				LastUpgradeCheck = 1030;
				TargetAttributes = {
					38D4CF89234EEB910006155D = {
						CreatedOnToolsVersion = 11.0;
						TestTargetID = 862AD3CE230298C200CB350C;
					};
					862AD3CE230298C200CB350C = {
						CreatedOnToolsVersion = 10.3;
					};
					862AD3ED230298C400CB350C = {
						CreatedOnToolsVersion = 10.3;
						TestTargetID = 862AD3CE230298C200CB350C;
					};
				};
			};
			buildConfigurationList = 862AD3CA230298C100CB350C /* Build configuration list for PBXProject "Familog" */;
			compatibilityVersion = "Xcode 9.3";
			developmentRegion = en;
			hasScannedForEncodings = 0;
			knownRegions = (
				en,
				Base,
			);
			mainGroup = 862AD3C6230298C100CB350C;
			productRefGroup = 862AD3D0230298C200CB350C /* Products */;
			projectDirPath = "";
			projectRoot = "";
			targets = (
				862AD3CE230298C200CB350C /* Familog */,
				862AD3ED230298C400CB350C /* FamilogUITests */,
				38D4CF89234EEB910006155D /* FamilogTests */,
			);
		};
/* End PBXProject section */

/* Begin PBXResourcesBuildPhase section */
		38D4CF88234EEB910006155D /* Resources */ = {
			isa = PBXResourcesBuildPhase;
			buildActionMask = 2147483647;
			files = (
			);
			runOnlyForDeploymentPostprocessing = 0;
		};
		862AD3CD230298C200CB350C /* Resources */ = {
			isa = PBXResourcesBuildPhase;
			buildActionMask = 2147483647;
			files = (
				862AD3DD230298C400CB350C /* LaunchScreen.storyboard in Resources */,
				35005A242330BF3B00239C7E /* Timeline.storyboard in Resources */,
				35005A2E2330C23500239C7E /* Profile.storyboard in Resources */,
				862AD4012302AB1000CB350C /* GoogleService-Info.plist in Resources */,
				862AD3DA230298C400CB350C /* Assets.xcassets in Resources */,
				86157202233492E200AD5CB5 /* Start.storyboard in Resources */,
				B27D66522352853A00AAAFD9 /* DetailView.storyboard in Resources */,
				35AD5674234C373E00964364 /* Redressed.ttf in Resources */,
				862AD3D8230298C200CB350C /* Main.storyboard in Resources */,
				35005A262330BF8300239C7E /* Notification.storyboard in Resources */,
				35555B662347272900B0D7CD /* Family.storyboard in Resources */,
			);
			runOnlyForDeploymentPostprocessing = 0;
		};
		862AD3EC230298C400CB350C /* Resources */ = {
			isa = PBXResourcesBuildPhase;
			buildActionMask = 2147483647;
			files = (
			);
			runOnlyForDeploymentPostprocessing = 0;
		};
/* End PBXResourcesBuildPhase section */

/* Begin PBXShellScriptBuildPhase section */
		1738EB28A2B52E652D3AC556 /* [CP] Check Pods Manifest.lock */ = {
			isa = PBXShellScriptBuildPhase;
			buildActionMask = 2147483647;
			files = (
			);
			inputFileListPaths = (
			);
			inputPaths = (
				"${PODS_PODFILE_DIR_PATH}/Podfile.lock",
				"${PODS_ROOT}/Manifest.lock",
			);
			name = "[CP] Check Pods Manifest.lock";
			outputFileListPaths = (
			);
			outputPaths = (
				"$(DERIVED_FILE_DIR)/Pods-FamilogUITests-checkManifestLockResult.txt",
			);
			runOnlyForDeploymentPostprocessing = 0;
			shellPath = /bin/sh;
			shellScript = "diff \"${PODS_PODFILE_DIR_PATH}/Podfile.lock\" \"${PODS_ROOT}/Manifest.lock\" > /dev/null\nif [ $? != 0 ] ; then\n    # print error to STDERR\n    echo \"error: The sandbox is not in sync with the Podfile.lock. Run 'pod install' or update your CocoaPods installation.\" >&2\n    exit 1\nfi\n# This output is used by Xcode 'outputs' to avoid re-running this script phase.\necho \"SUCCESS\" > \"${SCRIPT_OUTPUT_FILE_0}\"\n";
			showEnvVarsInLog = 0;
		};
		950704385B575294127968E1 /* [CP] Check Pods Manifest.lock */ = {
			isa = PBXShellScriptBuildPhase;
			buildActionMask = 2147483647;
			files = (
			);
			inputFileListPaths = (
			);
			inputPaths = (
				"${PODS_PODFILE_DIR_PATH}/Podfile.lock",
				"${PODS_ROOT}/Manifest.lock",
			);
			name = "[CP] Check Pods Manifest.lock";
			outputFileListPaths = (
			);
			outputPaths = (
				"$(DERIVED_FILE_DIR)/Pods-Familog-checkManifestLockResult.txt",
			);
			runOnlyForDeploymentPostprocessing = 0;
			shellPath = /bin/sh;
			shellScript = "diff \"${PODS_PODFILE_DIR_PATH}/Podfile.lock\" \"${PODS_ROOT}/Manifest.lock\" > /dev/null\nif [ $? != 0 ] ; then\n    # print error to STDERR\n    echo \"error: The sandbox is not in sync with the Podfile.lock. Run 'pod install' or update your CocoaPods installation.\" >&2\n    exit 1\nfi\n# This output is used by Xcode 'outputs' to avoid re-running this script phase.\necho \"SUCCESS\" > \"${SCRIPT_OUTPUT_FILE_0}\"\n";
			showEnvVarsInLog = 0;
		};
		F5AA944C588BCECD861A4EA3 /* [CP] Embed Pods Frameworks */ = {
			isa = PBXShellScriptBuildPhase;
			buildActionMask = 2147483647;
			files = (
			);
			inputFileListPaths = (
				"${PODS_ROOT}/Target Support Files/Pods-Familog/Pods-Familog-frameworks-${CONFIGURATION}-input-files.xcfilelist",
			);
			name = "[CP] Embed Pods Frameworks";
			outputFileListPaths = (
				"${PODS_ROOT}/Target Support Files/Pods-Familog/Pods-Familog-frameworks-${CONFIGURATION}-output-files.xcfilelist",
			);
			runOnlyForDeploymentPostprocessing = 0;
			shellPath = /bin/sh;
			shellScript = "\"${PODS_ROOT}/Target Support Files/Pods-Familog/Pods-Familog-frameworks.sh\"\n";
			showEnvVarsInLog = 0;
		};
		FC2B9F0E8E45125E1E7E2E04 /* [CP] Check Pods Manifest.lock */ = {
			isa = PBXShellScriptBuildPhase;
			buildActionMask = 2147483647;
			files = (
			);
			inputFileListPaths = (
			);
			inputPaths = (
				"${PODS_PODFILE_DIR_PATH}/Podfile.lock",
				"${PODS_ROOT}/Manifest.lock",
			);
			name = "[CP] Check Pods Manifest.lock";
			outputFileListPaths = (
			);
			outputPaths = (
				"$(DERIVED_FILE_DIR)/Pods-FamilogTests-checkManifestLockResult.txt",
			);
			runOnlyForDeploymentPostprocessing = 0;
			shellPath = /bin/sh;
			shellScript = "diff \"${PODS_PODFILE_DIR_PATH}/Podfile.lock\" \"${PODS_ROOT}/Manifest.lock\" > /dev/null\nif [ $? != 0 ] ; then\n    # print error to STDERR\n    echo \"error: The sandbox is not in sync with the Podfile.lock. Run 'pod install' or update your CocoaPods installation.\" >&2\n    exit 1\nfi\n# This output is used by Xcode 'outputs' to avoid re-running this script phase.\necho \"SUCCESS\" > \"${SCRIPT_OUTPUT_FILE_0}\"\n";
			showEnvVarsInLog = 0;
		};
/* End PBXShellScriptBuildPhase section */

/* Begin PBXSourcesBuildPhase section */
		38D4CF86234EEB910006155D /* Sources */ = {
			isa = PBXSourcesBuildPhase;
			buildActionMask = 2147483647;
			files = (
				38D4CF99234EEDF60006155D /* UserTests.swift in Sources */,
				38D4CF8D234EEB920006155D /* FamilogTests.swift in Sources */,
			);
			runOnlyForDeploymentPostprocessing = 0;
		};
		862AD3CB230298C200CB350C /* Sources */ = {
			isa = PBXSourcesBuildPhase;
			buildActionMask = 2147483647;
			files = (
				3841206C2348418D006EC47E /* CommentViewController.swift in Sources */,
				B2B16A4E2338B06C0086E97B /* PostApi.swift in Sources */,
				38D4CF2C234EC0CD0006155D /* DatabaseRepresentation.swift in Sources */,
				384120742348896A006EC47E /* Post_CommentApi.swift in Sources */,
				3846D9422351EBAE004F8544 /* ChatUser.swift in Sources */,
				861572002333631B00AD5CB5 /* UploadViewController.swift in Sources */,
				38DF0BA32333011A0051C21E /* NotificationTableViewCell.swift in Sources */,
				35E6A2E923326CF200B66E4E /* TimelineTableViewCell.swift in Sources */,
				862AD3D5230298C200CB350C /* WelcomeViewController.swift in Sources */,
				B2603E952344660000797EF8 /* FamilyApi.swift in Sources */,
				862AD3D3230298C200CB350C /* AppDelegate.swift in Sources */,
				38C822C22349F91800168FD1 /* Comment.swift in Sources */,
				38C822C4234C4AB300168FD1 /* Post_Comment.swift in Sources */,
				869DAC81230920CD00ACF10C /* SignUpViewController.swift in Sources */,
				B2BF6981233335F500E846D5 /* TimelineViewController.swift in Sources */,
				B2603E932344613800797EF8 /* Family.swift in Sources */,
				3841207223488836006EC47E /* CommentApi.swift in Sources */,
				869DAC7F230920C000ACF10C /* LogInViewController.swift in Sources */,
				86AD48CA2352EC7700069A1E /* SwitchFamilyViewController.swift in Sources */,
				38D4CF26234EC06A0006155D /* ChatViewController.swift in Sources */,
				861571FE233361F400AD5CB5 /* Alert.swift in Sources */,
				38D4CF35234EC7800006155D /* UIView+Additions.swift in Sources */,
				35AD5681234C40DE00964364 /* DesignableView.swift in Sources */,
				86960E4A2349B5DD00F3996F /* JoinFamilyViewController.swift in Sources */,
				B25C0F86234EA2FD00E1104D /* DetailViewController.swift in Sources */,
				86960E482349B4FF00F3996F /* CreateFamilyViewController.swift in Sources */,
				38EFE8962352C7B90092C4AF /* Message.swift in Sources */,
				38D4CF31234EC73F0006155D /* UIColor+Additions.swift in Sources */,
				B26E7B582329CF0000AA852C /* User.swift in Sources */,
				B2BF69732332612000E846D5 /* ProfileViewController.swift in Sources */,
				B2B16A4C2336197A0086E97B /* LaunchScreen.swift in Sources */,
				38D4CF33234EC7610006155D /* UIImage+Additions.swift in Sources */,
				3846D9402351E822004F8544 /* Settings+UserDefaults.swift in Sources */,
				38880F162333323400E407A2 /* NotificationViewController.swift in Sources */,
				3841206E234841BC006EC47E /* CommentTableViewCell.swift in Sources */,
				B27D66542352981F00AAAFD9 /* OthersProfileViewController.swift in Sources */,
				38D4CF2F234EC70D0006155D /* UICollectionView+Additions.swift in Sources */,
				B2BF69792332FFF200E846D5 /* PhotoCollectionViewCell.swift in Sources */,
				35AD567F234C402B00964364 /* DesignableButton.swift in Sources */,
				38EFE8982352C7C70092C4AF /* Channel.swift in Sources */,
				B2BF697F233335EA00E846D5 /* TabBarViewController.swift in Sources */,
				358E61642332375500A5A8B8 /* Post.swift in Sources */,
				B26E7B5C2329F2C900AA852C /* EditProfileViewController.swift in Sources */,
				866F797323154AF90059FB81 /* ResetPasswordViewController.swift in Sources */,
				B2BF69772332F4BF00E846D5 /* Api.swift in Sources */,
				38D4CF24234EC0500006155D /* ChannelsViewController.swift in Sources */,
				B2A4BD002349EA4A00B62066 /* Config.swift in Sources */,
				B2BF69752332F3BD00E846D5 /* UserApi.swift in Sources */,
			);
			runOnlyForDeploymentPostprocessing = 0;
		};
		862AD3EA230298C400CB350C /* Sources */ = {
			isa = PBXSourcesBuildPhase;
			buildActionMask = 2147483647;
			files = (
				862AD3F3230298C400CB350C /* monologueUITests.swift in Sources */,
			);
			runOnlyForDeploymentPostprocessing = 0;
		};
/* End PBXSourcesBuildPhase section */

/* Begin PBXTargetDependency section */
		38D4CF90234EEB920006155D /* PBXTargetDependency */ = {
			isa = PBXTargetDependency;
			target = 862AD3CE230298C200CB350C /* Familog */;
			targetProxy = 38D4CF8F234EEB920006155D /* PBXContainerItemProxy */;
		};
		862AD3F0230298C400CB350C /* PBXTargetDependency */ = {
			isa = PBXTargetDependency;
			target = 862AD3CE230298C200CB350C /* Familog */;
			targetProxy = 862AD3EF230298C400CB350C /* PBXContainerItemProxy */;
		};
/* End PBXTargetDependency section */

/* Begin PBXVariantGroup section */
		862AD3D6230298C200CB350C /* Main.storyboard */ = {
			isa = PBXVariantGroup;
			children = (
				862AD3D7230298C200CB350C /* Base */,
			);
			name = Main.storyboard;
			sourceTree = "<group>";
		};
		862AD3DB230298C400CB350C /* LaunchScreen.storyboard */ = {
			isa = PBXVariantGroup;
			children = (
				862AD3DC230298C400CB350C /* Base */,
			);
			name = LaunchScreen.storyboard;
			sourceTree = "<group>";
		};
/* End PBXVariantGroup section */

/* Begin XCBuildConfiguration section */
		38D4CF92234EEB920006155D /* Debug */ = {
			isa = XCBuildConfiguration;
			baseConfigurationReference = 9FBD9E4A3036FF9A18D451F1 /* Pods-FamilogTests.debug.xcconfig */;
			buildSettings = {
				BUNDLE_LOADER = "$(TEST_HOST)";
				CODE_SIGN_STYLE = Automatic;
				INFOPLIST_FILE = FamilogTests/Info.plist;
				IPHONEOS_DEPLOYMENT_TARGET = 13.0;
				LD_RUNPATH_SEARCH_PATHS = (
					"$(inherited)",
					"@executable_path/Frameworks",
					"@loader_path/Frameworks",
				);
				PRODUCT_BUNDLE_IDENTIFIER = com.51work6.FamilogTests;
				PRODUCT_NAME = "$(TARGET_NAME)";
				SWIFT_VERSION = 5.0;
				TARGETED_DEVICE_FAMILY = "1,2";
				TEST_HOST = "$(BUILT_PRODUCTS_DIR)/Familog.app/Familog";
			};
			name = Debug;
		};
		38D4CF93234EEB920006155D /* Release */ = {
			isa = XCBuildConfiguration;
			baseConfigurationReference = BE9C838F1475D8DDA35607E0 /* Pods-FamilogTests.release.xcconfig */;
			buildSettings = {
				BUNDLE_LOADER = "$(TEST_HOST)";
				CODE_SIGN_STYLE = Automatic;
				INFOPLIST_FILE = FamilogTests/Info.plist;
				IPHONEOS_DEPLOYMENT_TARGET = 13.0;
				LD_RUNPATH_SEARCH_PATHS = (
					"$(inherited)",
					"@executable_path/Frameworks",
					"@loader_path/Frameworks",
				);
				PRODUCT_BUNDLE_IDENTIFIER = com.51work6.FamilogTests;
				PRODUCT_NAME = "$(TARGET_NAME)";
				SWIFT_VERSION = 5.0;
				TARGETED_DEVICE_FAMILY = "1,2";
				TEST_HOST = "$(BUILT_PRODUCTS_DIR)/Familog.app/Familog";
			};
			name = Release;
		};
		862AD3F5230298C400CB350C /* Debug */ = {
			isa = XCBuildConfiguration;
			buildSettings = {
				ALWAYS_SEARCH_USER_PATHS = NO;
				CLANG_ANALYZER_NONNULL = YES;
				CLANG_ANALYZER_NUMBER_OBJECT_CONVERSION = YES_AGGRESSIVE;
				CLANG_CXX_LANGUAGE_STANDARD = "gnu++14";
				CLANG_CXX_LIBRARY = "libc++";
				CLANG_ENABLE_MODULES = YES;
				CLANG_ENABLE_OBJC_ARC = YES;
				CLANG_ENABLE_OBJC_WEAK = YES;
				CLANG_WARN_BLOCK_CAPTURE_AUTORELEASING = YES;
				CLANG_WARN_BOOL_CONVERSION = YES;
				CLANG_WARN_COMMA = YES;
				CLANG_WARN_CONSTANT_CONVERSION = YES;
				CLANG_WARN_DEPRECATED_OBJC_IMPLEMENTATIONS = YES;
				CLANG_WARN_DIRECT_OBJC_ISA_USAGE = YES_ERROR;
				CLANG_WARN_DOCUMENTATION_COMMENTS = YES;
				CLANG_WARN_EMPTY_BODY = YES;
				CLANG_WARN_ENUM_CONVERSION = YES;
				CLANG_WARN_INFINITE_RECURSION = YES;
				CLANG_WARN_INT_CONVERSION = YES;
				CLANG_WARN_NON_LITERAL_NULL_CONVERSION = YES;
				CLANG_WARN_OBJC_IMPLICIT_RETAIN_SELF = YES;
				CLANG_WARN_OBJC_LITERAL_CONVERSION = YES;
				CLANG_WARN_OBJC_ROOT_CLASS = YES_ERROR;
				CLANG_WARN_RANGE_LOOP_ANALYSIS = YES;
				CLANG_WARN_STRICT_PROTOTYPES = YES;
				CLANG_WARN_SUSPICIOUS_MOVE = YES;
				CLANG_WARN_UNGUARDED_AVAILABILITY = YES_AGGRESSIVE;
				CLANG_WARN_UNREACHABLE_CODE = YES;
				CLANG_WARN__DUPLICATE_METHOD_MATCH = YES;
				CODE_SIGN_IDENTITY = "iPhone Developer";
				COPY_PHASE_STRIP = NO;
				DEBUG_INFORMATION_FORMAT = dwarf;
				ENABLE_STRICT_OBJC_MSGSEND = YES;
				ENABLE_TESTABILITY = YES;
				GCC_C_LANGUAGE_STANDARD = gnu11;
				GCC_DYNAMIC_NO_PIC = NO;
				GCC_NO_COMMON_BLOCKS = YES;
				GCC_OPTIMIZATION_LEVEL = 0;
				GCC_PREPROCESSOR_DEFINITIONS = (
					"DEBUG=1",
					"$(inherited)",
				);
				GCC_WARN_64_TO_32_BIT_CONVERSION = YES;
				GCC_WARN_ABOUT_RETURN_TYPE = YES_ERROR;
				GCC_WARN_UNDECLARED_SELECTOR = YES;
				GCC_WARN_UNINITIALIZED_AUTOS = YES_AGGRESSIVE;
				GCC_WARN_UNUSED_FUNCTION = YES;
				GCC_WARN_UNUSED_VARIABLE = YES;
				IPHONEOS_DEPLOYMENT_TARGET = 12.4;
				MTL_ENABLE_DEBUG_INFO = INCLUDE_SOURCE;
				MTL_FAST_MATH = YES;
				ONLY_ACTIVE_ARCH = YES;
				SDKROOT = iphoneos;
				SWIFT_ACTIVE_COMPILATION_CONDITIONS = DEBUG;
				SWIFT_OPTIMIZATION_LEVEL = "-Onone";
			};
			name = Debug;
		};
		862AD3F6230298C400CB350C /* Release */ = {
			isa = XCBuildConfiguration;
			buildSettings = {
				ALWAYS_SEARCH_USER_PATHS = NO;
				CLANG_ANALYZER_NONNULL = YES;
				CLANG_ANALYZER_NUMBER_OBJECT_CONVERSION = YES_AGGRESSIVE;
				CLANG_CXX_LANGUAGE_STANDARD = "gnu++14";
				CLANG_CXX_LIBRARY = "libc++";
				CLANG_ENABLE_MODULES = YES;
				CLANG_ENABLE_OBJC_ARC = YES;
				CLANG_ENABLE_OBJC_WEAK = YES;
				CLANG_WARN_BLOCK_CAPTURE_AUTORELEASING = YES;
				CLANG_WARN_BOOL_CONVERSION = YES;
				CLANG_WARN_COMMA = YES;
				CLANG_WARN_CONSTANT_CONVERSION = YES;
				CLANG_WARN_DEPRECATED_OBJC_IMPLEMENTATIONS = YES;
				CLANG_WARN_DIRECT_OBJC_ISA_USAGE = YES_ERROR;
				CLANG_WARN_DOCUMENTATION_COMMENTS = YES;
				CLANG_WARN_EMPTY_BODY = YES;
				CLANG_WARN_ENUM_CONVERSION = YES;
				CLANG_WARN_INFINITE_RECURSION = YES;
				CLANG_WARN_INT_CONVERSION = YES;
				CLANG_WARN_NON_LITERAL_NULL_CONVERSION = YES;
				CLANG_WARN_OBJC_IMPLICIT_RETAIN_SELF = YES;
				CLANG_WARN_OBJC_LITERAL_CONVERSION = YES;
				CLANG_WARN_OBJC_ROOT_CLASS = YES_ERROR;
				CLANG_WARN_RANGE_LOOP_ANALYSIS = YES;
				CLANG_WARN_STRICT_PROTOTYPES = YES;
				CLANG_WARN_SUSPICIOUS_MOVE = YES;
				CLANG_WARN_UNGUARDED_AVAILABILITY = YES_AGGRESSIVE;
				CLANG_WARN_UNREACHABLE_CODE = YES;
				CLANG_WARN__DUPLICATE_METHOD_MATCH = YES;
				CODE_SIGN_IDENTITY = "iPhone Developer";
				COPY_PHASE_STRIP = NO;
				DEBUG_INFORMATION_FORMAT = "dwarf-with-dsym";
				ENABLE_NS_ASSERTIONS = NO;
				ENABLE_STRICT_OBJC_MSGSEND = YES;
				GCC_C_LANGUAGE_STANDARD = gnu11;
				GCC_NO_COMMON_BLOCKS = YES;
				GCC_WARN_64_TO_32_BIT_CONVERSION = YES;
				GCC_WARN_ABOUT_RETURN_TYPE = YES_ERROR;
				GCC_WARN_UNDECLARED_SELECTOR = YES;
				GCC_WARN_UNINITIALIZED_AUTOS = YES_AGGRESSIVE;
				GCC_WARN_UNUSED_FUNCTION = YES;
				GCC_WARN_UNUSED_VARIABLE = YES;
				IPHONEOS_DEPLOYMENT_TARGET = 12.4;
				MTL_ENABLE_DEBUG_INFO = NO;
				MTL_FAST_MATH = YES;
				SDKROOT = iphoneos;
				SWIFT_COMPILATION_MODE = wholemodule;
				SWIFT_OPTIMIZATION_LEVEL = "-O";
				VALIDATE_PRODUCT = YES;
			};
			name = Release;
		};
		862AD3F8230298C400CB350C /* Debug */ = {
			isa = XCBuildConfiguration;
			baseConfigurationReference = B678C54CDA1A2E953513EA2E /* Pods-Familog.debug.xcconfig */;
			buildSettings = {
				CODE_SIGN_IDENTITY = "iPhone Developer";
				CODE_SIGN_STYLE = Automatic;
				DEVELOPMENT_TEAM = 2P7UCQAGJ9;
				INFOPLIST_FILE = monologue/Info.plist;
				LD_RUNPATH_SEARCH_PATHS = (
					"$(inherited)",
					"@executable_path/Frameworks",
				);
				PRODUCT_BUNDLE_IDENTIFIER = "com.-unimelb-it-project.Familog.97100";
				PRODUCT_NAME = "$(TARGET_NAME)";
				PROVISIONING_PROFILE_SPECIFIER = "";
				SWIFT_VERSION = 5.0;
				TARGETED_DEVICE_FAMILY = 1;
			};
			name = Debug;
		};
		862AD3F9230298C400CB350C /* Release */ = {
			isa = XCBuildConfiguration;
			baseConfigurationReference = 4CE091D6A183E072ED8870F0 /* Pods-Familog.release.xcconfig */;
			buildSettings = {
				CODE_SIGN_IDENTITY = "iPhone Developer";
				CODE_SIGN_STYLE = Automatic;
				DEVELOPMENT_TEAM = 2P7UCQAGJ9;
				INFOPLIST_FILE = monologue/Info.plist;
				LD_RUNPATH_SEARCH_PATHS = (
					"$(inherited)",
					"@executable_path/Frameworks",
				);
				PRODUCT_BUNDLE_IDENTIFIER = "com.-unimelb-it-project.Familog.97100";
				PRODUCT_NAME = "$(TARGET_NAME)";
				PROVISIONING_PROFILE_SPECIFIER = "";
				SWIFT_VERSION = 5.0;
				TARGETED_DEVICE_FAMILY = 1;
			};
			name = Release;
		};
		862AD3FE230298C400CB350C /* Debug */ = {
			isa = XCBuildConfiguration;
			baseConfigurationReference = 3DE50D5C7EDD78A4A5589BB9 /* Pods-FamilogUITests.debug.xcconfig */;
			buildSettings = {
				ALWAYS_EMBED_SWIFT_STANDARD_LIBRARIES = YES;
				CODE_SIGN_STYLE = Automatic;
				INFOPLIST_FILE = monologueUITests/Info.plist;
				LD_RUNPATH_SEARCH_PATHS = (
					"$(inherited)",
					"@executable_path/Frameworks",
					"@loader_path/Frameworks",
				);
				PRODUCT_BUNDLE_IDENTIFIER = "com.it-project.monologueUITests";
				PRODUCT_NAME = "$(TARGET_NAME)";
				SWIFT_VERSION = 5.0;
				TARGETED_DEVICE_FAMILY = "1,2";
				TEST_TARGET_NAME = monologue;
			};
			name = Debug;
		};
		862AD3FF230298C400CB350C /* Release */ = {
			isa = XCBuildConfiguration;
			baseConfigurationReference = 6D739C9C4E7CB12EF26517B5 /* Pods-FamilogUITests.release.xcconfig */;
			buildSettings = {
				ALWAYS_EMBED_SWIFT_STANDARD_LIBRARIES = YES;
				CODE_SIGN_STYLE = Automatic;
				INFOPLIST_FILE = monologueUITests/Info.plist;
				LD_RUNPATH_SEARCH_PATHS = (
					"$(inherited)",
					"@executable_path/Frameworks",
					"@loader_path/Frameworks",
				);
				PRODUCT_BUNDLE_IDENTIFIER = "com.it-project.monologueUITests";
				PRODUCT_NAME = "$(TARGET_NAME)";
				SWIFT_VERSION = 5.0;
				TARGETED_DEVICE_FAMILY = "1,2";
				TEST_TARGET_NAME = monologue;
			};
			name = Release;
		};
/* End XCBuildConfiguration section */

/* Begin XCConfigurationList section */
		38D4CF91234EEB920006155D /* Build configuration list for PBXNativeTarget "FamilogTests" */ = {
			isa = XCConfigurationList;
			buildConfigurations = (
				38D4CF92234EEB920006155D /* Debug */,
				38D4CF93234EEB920006155D /* Release */,
			);
			defaultConfigurationIsVisible = 0;
			defaultConfigurationName = Release;
		};
		862AD3CA230298C100CB350C /* Build configuration list for PBXProject "Familog" */ = {
			isa = XCConfigurationList;
			buildConfigurations = (
				862AD3F5230298C400CB350C /* Debug */,
				862AD3F6230298C400CB350C /* Release */,
			);
			defaultConfigurationIsVisible = 0;
			defaultConfigurationName = Release;
		};
		862AD3F7230298C400CB350C /* Build configuration list for PBXNativeTarget "Familog" */ = {
			isa = XCConfigurationList;
			buildConfigurations = (
				862AD3F8230298C400CB350C /* Debug */,
				862AD3F9230298C400CB350C /* Release */,
			);
			defaultConfigurationIsVisible = 0;
			defaultConfigurationName = Release;
		};
		862AD3FD230298C400CB350C /* Build configuration list for PBXNativeTarget "FamilogUITests" */ = {
			isa = XCConfigurationList;
			buildConfigurations = (
				862AD3FE230298C400CB350C /* Debug */,
				862AD3FF230298C400CB350C /* Release */,
			);
			defaultConfigurationIsVisible = 0;
			defaultConfigurationName = Release;
		};
/* End XCConfigurationList section */
	};
	rootObject = 862AD3C7230298C100CB350C /* Project object */;
}
